
Microsoft Visual Studio Solution File, Format Version 12.00
# Visual Studio Version 17
VisualStudioVersion = 17.4.33205.214
MinimumVisualStudioVersion = 10.0.40219.1
Project("{FAE04EC0-301F-11D3-BF4B-00C04F79EFBC}") = "dotnet-ef-core-6", "dotnet-ef-core-6\dotnet-ef-core-6.csproj", "{56365E20-80F9-4E78-98DB-1697633B5461}"
EndProject
Global
	GlobalSection(SolutionConfigurationPlatforms) = preSolution
		Debug|Any CPU = Debug|Any CPU
		Release|Any CPU = Release|Any CPU
	EndGlobalSection
	GlobalSection(ProjectConfigurationPlatforms) = postSolution
		{56365E20-80F9-4E78-98DB-1697633B5461}.Debug|Any CPU.ActiveCfg = Debug|Any CPU
		{56365E20-80F9-4E78-98DB-1697633B5461}.Debug|Any CPU.Build.0 = Debug|Any CPU
		{56365E20-80F9-4E78-98DB-1697633B5461}.Release|Any CPU.ActiveCfg = Release|Any CPU
		{56365E20-80F9-4E78-98DB-1697633B5461}.Release|Any CPU.Build.0 = Release|Any CPU
	EndGlobalSection
	GlobalSection(SolutionProperties) = preSolution
		HideSolutionNode = FALSE
	EndGlobalSection
	GlobalSection(ExtensibilityGlobals) = postSolution
		SolutionGuid = {B9903214-A428-49DD-A537-B3C12421DA70}
	EndGlobalSection
EndGlobal
